
Microsoft Visual Studio Solution File, Format Version 12.00
# Visual Studio Version 16
VisualStudioVersion = 16.0.29201.188
MinimumVisualStudioVersion = 10.0.40219.1
Project("{8BC9CEB8-8B4A-11D0-8D11-00A0C91BC942}") = "Project1", "Project1.vcxproj", "{197A2AF1-CA56-4CAD-822C-B43A1B4D3AF8}"
EndProject
Project("{8BC9CEB8-8B4A-11D0-8D11-00A0C91BC942}") = "UnitTest2", "..\UnitTest2\UnitTest2.vcxproj", "{2AEE6517-AB79-420C-B456-AEC17DBC60A0}"
EndProject
Project("{54435603-DBB4-11D2-8724-00A0C9A8B90C}") = "SetupGame", "..\SetupGame\SetupGame.vdproj", "{EDBADFA0-17FC-4CB7-BBE7-9608F509B3AF}"
EndProject
Global
	GlobalSection(SolutionConfigurationPlatforms) = preSolution
		All|x64 = All|x64
		All|x86 = All|x86
		Debug|x64 = Debug|x64
		Debug|x86 = Debug|x86
		Release|x64 = Release|x64
		Release|x86 = Release|x86
		Test|x64 = Test|x64
		Test|x86 = Test|x86
	EndGlobalSection
	GlobalSection(ProjectConfigurationPlatforms) = postSolution
		{197A2AF1-CA56-4CAD-822C-B43A1B4D3AF8}.All|x64.ActiveCfg = Test|x64
		{197A2AF1-CA56-4CAD-822C-B43A1B4D3AF8}.All|x64.Build.0 = Test|x64
		{197A2AF1-CA56-4CAD-822C-B43A1B4D3AF8}.All|x86.ActiveCfg = Test|Win32
		{197A2AF1-CA56-4CAD-822C-B43A1B4D3AF8}.All|x86.Build.0 = Test|Win32
		{197A2AF1-CA56-4CAD-822C-B43A1B4D3AF8}.Debug|x64.ActiveCfg = Debug|x64
		{197A2AF1-CA56-4CAD-822C-B43A1B4D3AF8}.Debug|x64.Build.0 = Debug|x64
		{197A2AF1-CA56-4CAD-822C-B43A1B4D3AF8}.Debug|x86.ActiveCfg = Debug|Win32
		{197A2AF1-CA56-4CAD-822C-B43A1B4D3AF8}.Debug|x86.Build.0 = Debug|Win32
		{197A2AF1-CA56-4CAD-822C-B43A1B4D3AF8}.Release|x64.ActiveCfg = Release|x64
		{197A2AF1-CA56-4CAD-822C-B43A1B4D3AF8}.Release|x64.Build.0 = Release|x64
		{197A2AF1-CA56-4CAD-822C-B43A1B4D3AF8}.Release|x86.ActiveCfg = Release|Win32
		{197A2AF1-CA56-4CAD-822C-B43A1B4D3AF8}.Release|x86.Build.0 = Release|Win32
		{197A2AF1-CA56-4CAD-822C-B43A1B4D3AF8}.Test|x64.ActiveCfg = Test|x64
		{197A2AF1-CA56-4CAD-822C-B43A1B4D3AF8}.Test|x64.Build.0 = Test|x64
		{197A2AF1-CA56-4CAD-822C-B43A1B4D3AF8}.Test|x86.ActiveCfg = Test|Win32
		{197A2AF1-CA56-4CAD-822C-B43A1B4D3AF8}.Test|x86.Build.0 = Test|Win32
		{2AEE6517-AB79-420C-B456-AEC17DBC60A0}.All|x64.ActiveCfg = Release|x64
		{2AEE6517-AB79-420C-B456-AEC17DBC60A0}.All|x64.Build.0 = Release|x64
		{2AEE6517-AB79-420C-B456-AEC17DBC60A0}.All|x86.ActiveCfg = Release|Win32
		{2AEE6517-AB79-420C-B456-AEC17DBC60A0}.All|x86.Build.0 = Release|Win32
		{2AEE6517-AB79-420C-B456-AEC17DBC60A0}.Debug|x64.ActiveCfg = Debug|x64
		{2AEE6517-AB79-420C-B456-AEC17DBC60A0}.Debug|x64.Build.0 = Debug|x64
		{2AEE6517-AB79-420C-B456-AEC17DBC60A0}.Debug|x86.ActiveCfg = Debug|Win32
		{2AEE6517-AB79-420C-B456-AEC17DBC60A0}.Debug|x86.Build.0 = Debug|Win32
		{2AEE6517-AB79-420C-B456-AEC17DBC60A0}.Release|x64.ActiveCfg = Release|x64
		{2AEE6517-AB79-420C-B456-AEC17DBC60A0}.Release|x64.Build.0 = Release|x64
		{2AEE6517-AB79-420C-B456-AEC17DBC60A0}.Release|x86.ActiveCfg = Release|Win32
		{2AEE6517-AB79-420C-B456-AEC17DBC60A0}.Release|x86.Build.0 = Release|Win32
		{2AEE6517-AB79-420C-B456-AEC17DBC60A0}.Test|x64.ActiveCfg = Release|x64
		{2AEE6517-AB79-420C-B456-AEC17DBC60A0}.Test|x64.Build.0 = Release|x64
		{2AEE6517-AB79-420C-B456-AEC17DBC60A0}.Test|x86.ActiveCfg = Release|Win32
		{2AEE6517-AB79-420C-B456-AEC17DBC60A0}.Test|x86.Build.0 = Release|Win32
		{EDBADFA0-17FC-4CB7-BBE7-9608F509B3AF}.All|x64.ActiveCfg = Release
		{EDBADFA0-17FC-4CB7-BBE7-9608F509B3AF}.All|x86.ActiveCfg = Release
		{EDBADFA0-17FC-4CB7-BBE7-9608F509B3AF}.Debug|x64.ActiveCfg = Debug
		{EDBADFA0-17FC-4CB7-BBE7-9608F509B3AF}.Debug|x86.ActiveCfg = Debug
		{EDBADFA0-17FC-4CB7-BBE7-9608F509B3AF}.Release|x64.ActiveCfg = Release
		{EDBADFA0-17FC-4CB7-BBE7-9608F509B3AF}.Release|x86.ActiveCfg = Release
		{EDBADFA0-17FC-4CB7-BBE7-9608F509B3AF}.Test|x64.ActiveCfg = Release
		{EDBADFA0-17FC-4CB7-BBE7-9608F509B3AF}.Test|x86.ActiveCfg = Release
	EndGlobalSection
	GlobalSection(SolutionProperties) = preSolution
		HideSolutionNode = FALSE
	EndGlobalSection
	GlobalSection(ExtensibilityGlobals) = postSolution
		SolutionGuid = {D8C386CF-A586-4E84-8D71-A169B79E7B65}
	EndGlobalSection
EndGlobal
